PODS:
  - DKImagePickerController/Core (4.3.9):
    - DKImagePickerController/ImageDataManager
    - DKImagePickerController/Resource
  - DKImagePickerController/ImageDataManager (4.3.9)
  - DKImagePickerController/PhotoGallery (4.3.9):
    - DKImagePickerController/Core
    - DKPhotoGallery
  - DKImagePickerController/Resource (4.3.9)
  - DKPhotoGallery (0.0.19):
    - DKPhotoGallery/Core (= 0.0.19)
    - DKPhotoGallery/Model (= 0.0.19)
    - DKPhotoGallery/Preview (= 0.0.19)
    - DKPhotoGallery/Resource (= 0.0.19)
    - SDWebImage
    - SwiftyGif
  - DKPhotoGallery/Core (0.0.19):
    - DKPhotoGallery/Model
    - DKPhotoGallery/Preview
    - SDWebImage
    - SwiftyGif
  - DKPhotoGallery/Model (0.0.19):
    - SDWebImage
    - SwiftyGif
  - DKPhotoGallery/Preview (0.0.19):
    - DKPhotoGallery/Model
    - DKPhotoGallery/Resource
    - SDWebImage
    - SwiftyGif
  - DKPhotoGallery/Resource (0.0.19):
    - SDWebImage
    - SwiftyGif
  - file_picker (0.0.1):
    - DKImagePickerController/PhotoGallery
    - Flutter
  - Flutter (1.0.0)
  - image_picker_ios (0.0.1):
    - Flutter
  - in_app_review (2.0.0):
    - Flutter
  - path_provider_foundation (0.0.1):
    - Flutter
    - FlutterMacOS
  - printing (1.0.0):
    - Flutter
  - purchases_flutter (8.4.5):
    - Flutter
    - PurchasesHybridCommon (= 13.17.0)
  - PurchasesHybridCommon (13.17.0):
    - RevenueCat (= 5.16.0)
  - RevenueCat (5.16.0)
  - scanbot_sdk (1.0.0):
    - Flutter
    - ScanbotSDKNativeWrapper (= 6.1.1.2)
  - ScanbotSDK (6.1.1):
    - ScanbotSDK/NONE (= 6.1.1)
  - ScanbotSDK/NONE (6.1.1)
  - ScanbotSDKNativeWrapper (6.1.1.2):
    - ScanbotSDKNativeWrapper/NONE (= 6.1.1.2)
  - ScanbotSDKNativeWrapper/NONE (6.1.1.2):
    - ScanbotSDK (= 6.1.1)
  - SDWebImage (5.20.0):
    - SDWebImage/Core (= 5.20.0)
  - SDWebImage/Core (5.20.0)
  - shared_preferences_foundation (0.0.1):
    - Flutter
    - FlutterMacOS
  - SwiftyGif (5.4.5)
  - url_launcher_ios (0.0.1):
    - Flutter

DEPENDENCIES:
  - file_picker (from `.symlinks/plugins/file_picker/ios`)
  - Flutter (from `Flutter`)
  - image_picker_ios (from `.symlinks/plugins/image_picker_ios/ios`)
  - in_app_review (from `.symlinks/plugins/in_app_review/ios`)
  - path_provider_foundation (from `.symlinks/plugins/path_provider_foundation/darwin`)
  - printing (from `.symlinks/plugins/printing/ios`)
  - purchases_flutter (from `.symlinks/plugins/purchases_flutter/ios`)
  - scanbot_sdk (from `.symlinks/plugins/scanbot_sdk/ios`)
  - shared_preferences_foundation (from `.symlinks/plugins/shared_preferences_foundation/darwin`)
  - url_launcher_ios (from `.symlinks/plugins/url_launcher_ios/ios`)

SPEC REPOS:
  trunk:
    - DKImagePickerController
    - DKPhotoGallery
    - PurchasesHybridCommon
    - RevenueCat
    - ScanbotSDK
    - ScanbotSDKNativeWrapper
    - SDWebImage
    - SwiftyGif

EXTERNAL SOURCES:
  file_picker:
    :path: ".symlinks/plugins/file_picker/ios"
  Flutter:
    :path: Flutter
  image_picker_ios:
    :path: ".symlinks/plugins/image_picker_ios/ios"
  in_app_review:
    :path: ".symlinks/plugins/in_app_review/ios"
  path_provider_foundation:
    :path: ".symlinks/plugins/path_provider_foundation/darwin"
  printing:
    :path: ".symlinks/plugins/printing/ios"
  purchases_flutter:
    :path: ".symlinks/plugins/purchases_flutter/ios"
  scanbot_sdk:
    :path: ".symlinks/plugins/scanbot_sdk/ios"
  shared_preferences_foundation:
    :path: ".symlinks/plugins/shared_preferences_foundation/darwin"
  url_launcher_ios:
    :path: ".symlinks/plugins/url_launcher_ios/ios"

SPEC CHECKSUMS:
  DKImagePickerController: 946cec48c7873164274ecc4624d19e3da4c1ef3c
  DKPhotoGallery: b3834fecb755ee09a593d7c9e389d8b5d6deed60
  file_picker: a0560bc09d61de87f12d246fc47d2119e6ef37be
  Flutter: e0871f40cf51350855a761d2e70bf5af5b9b5de7
  image_picker_ios: 7fe1ff8e34c1790d6fff70a32484959f563a928a
  in_app_review: 5596fe56fab799e8edb3561c03d053363ab13457
  path_provider_foundation: 080d55be775b7414fd5a5ef3ac137b97b097e564
  printing: 54ff03f28fe9ba3aa93358afb80a8595a071dd07
  purchases_flutter: db78e1e6bb215fd0f0743dccf24ceb865d296fba
  PurchasesHybridCommon: 8f8ae5a747a62e252fc271bb5c36932c5877b8e5
  RevenueCat: b7c34cdc66e4eaa854e56a56d0266261ed0822ca
  scanbot_sdk: b3f47b91ce8b75d10045a8107cf57cbe6d316621
  ScanbotSDK: f789b97f4e0fd9c5a5622f52d3ec728bbdb97970
  ScanbotSDKNativeWrapper: 8d52ea1bd202721067b15b57a74884fd16aaa168
  SDWebImage: 73c6079366fea25fa4bb9640d5fb58f0893facd8
  shared_preferences_foundation: 9e1978ff2562383bd5676f64ec4e9aa8fa06a6f7
  SwiftyGif: 706c60cf65fa2bc5ee0313beece843c8eb8194d4
  url_launcher_ios: 694010445543906933d732453a59da0a173ae33d

PODFILE CHECKSUM: a57f30d18f102dd3ce366b1d62a55ecbef2158e5

COCOAPODS: 1.16.2
